{
    "_readme": [
        "This file locks the dependencies of your project to a known state",
        "Read more about it at http://getcomposer.org/doc/01-basic-usage.md#composer-lock-the-lock-file",
        "This file is @generated automatically"
    ],
    "hash": "3f44a70db1f399d5a82d43093b3da2e0",
    "packages": [
        {
            "name": "composer/installers",
            "version": "dev-master",
            "source": {
                "type": "git",
                "url": "https://github.com/composer/installers.git",
                "reference": "020fa1983597249bfcb947b485c5aac8e0e36652"
            },
            "dist": {
                "type": "zip",
                "url": "https://api.github.com/repos/composer/installers/zipball/020fa1983597249bfcb947b485c5aac8e0e36652",
                "reference": "020fa1983597249bfcb947b485c5aac8e0e36652",
                "shasum": ""
            },
            "replace": {
                "roundcube/plugin-installer": "*",
                "shama/baton": "*"
            },
            "require-dev": {
                "composer/composer": "1.0.*@dev",
                "phpunit/phpunit": "4.1.*"
            },
            "type": "composer-installer",
            "extra": {
                "class": "Composer\\Installers\\Installer",
                "branch-alias": {
                    "dev-master": "1.0-dev"
                }
            },
            "autoload": {
                "psr-0": {
                    "Composer\\Installers\\": "src/"
                }
            },
            "notification-url": "https://packagist.org/downloads/",
            "license": [
                "MIT"
            ],
            "authors": [
                {
                    "name": "Kyle Robinson Young",
                    "email": "kyle@dontkry.com",
                    "homepage": "https://github.com/shama",
                    "role": "Developer"
                }
            ],
            "description": "A multi-framework Composer library installer",
            "homepage": "http://composer.github.com/installers/",
            "keywords": [
                "Craft",
                "Dolibarr",
                "Hurad",
                "MODX Evo",
                "OXID",
                "WolfCMS",
                "agl",
                "annotatecms",
                "bitrix",
                "cakephp",
                "codeigniter",
                "concrete5",
                "croogo",
                "drupal",
                "elgg",
                "fuelphp",
                "installer",
                "joomla",
                "kohana",
                "laravel",
                "lithium",
                "magento",
                "mako",
                "mediawiki",
                "modulework",
                "moodle",
                "phpbb",
                "piwik",
                "ppi",
                "roundcube",
                "shopware",
                "silverstripe",
                "symfony",
                "typo3",
                "wordpress",
                "zend",
                "zikula"
            ],
            "time": "2014-07-09 14:29:42"
        },
        {
            "name": "dnadesign/silverstripe-populate",
            "version": "dev-master",
            "source": {
                "type": "git",
                "url": "https://github.com/dnadesign/silverstripe-populate.git",
                "reference": "901f4e298a656e99a810f8bd4d46b5e8914714ae"
            },
            "dist": {
                "type": "zip",
                "url": "https://api.github.com/repos/dnadesign/silverstripe-populate/zipball/901f4e298a656e99a810f8bd4d46b5e8914714ae",
                "reference": "901f4e298a656e99a810f8bd4d46b5e8914714ae",
                "shasum": ""
            },
            "require": {
                "silverstripe/framework": ">=3.1.3"
            },
            "type": "silverstripe-module",
            "extra": {
                "installer-name": "populate"
            },
            "notification-url": "https://packagist.org/downloads/",
            "authors": [
                {
                    "name": "Will Rossiter",
                    "email": "will.rossiter@dna.co.nz"
                }
            ],
            "description": "Populate your database through YAML files",
            "keywords": [
                "silverstripe",
                "yaml"
            ],
            "time": "2014-04-06 02:10:29"
        },
        {
            "name": "silverstripe-themes/simple",
            "version": "dev-master",
            "source": {
                "type": "git",
                "url": "https://github.com/silverstripe-themes/silverstripe-simple.git",
                "reference": "84c1215f914b8c20f924202a2ace2812f28d6c0a"
            },
            "dist": {
                "type": "zip",
                "url": "https://api.github.com/repos/silverstripe-themes/silverstripe-simple/zipball/84c1215f914b8c20f924202a2ace2812f28d6c0a",
                "reference": "84c1215f914b8c20f924202a2ace2812f28d6c0a",
                "shasum": ""
            },
            "require": {
                "composer/installers": "*",
                "silverstripe/framework": ">=3.0"
            },
            "type": "silverstripe-theme",
            "notification-url": "https://packagist.org/downloads/",
            "license": [
                "BSD-3-Clause"
            ],
            "authors": [
                {
                    "name": "Sara Tušar (Innovaif)",
                    "homepage": "http://www.saratusar.com"
                }
            ],
            "description": "The SilverStripe simple theme (default SilverStripe 3 theme)",
            "keywords": [
                "silverstripe",
                "theme"
            ],
            "time": "2013-10-15 22:16:12"
        },
        {
            "name": "silverstripe/cms",
            "version": "3.1.5",
            "source": {
                "type": "git",
                "url": "https://github.com/silverstripe/silverstripe-cms.git",
                "reference": "3033d454982c5fac5a2089842e767e8866f05737"
            },
            "dist": {
                "type": "zip",
                "url": "https://api.github.com/repos/silverstripe/silverstripe-cms/zipball/3033d454982c5fac5a2089842e767e8866f05737",
                "reference": "3033d454982c5fac5a2089842e767e8866f05737",
                "shasum": ""
            },
            "require": {
                "composer/installers": "*",
                "php": ">=5.3.2",
                "silverstripe/framework": "3.1.*"
            },
            "type": "silverstripe-module",
            "autoload": {
                "classmap": [
                    "tests/behat/"
                ]
            },
            "notification-url": "https://packagist.org/downloads/",
            "license": [
                "BSD-3-Clause"
            ],
            "authors": [
                {
                    "name": "SilverStripe",
                    "homepage": "http://silverstripe.com"
                },
                {
                    "name": "The SilverStripe Community",
                    "homepage": "http://silverstripe.org"
                }
            ],
            "description": "The SilverStripe Content Management System",
            "homepage": "http://silverstripe.org",
            "keywords": [
                "cms",
                "silverstripe"
            ],
            "time": "2014-05-12 23:13:44"
        },
        {
            "name": "silverstripe/framework",
            "version": "3.1.5",
            "source": {
                "type": "git",
                "url": "https://github.com/silverstripe/silverstripe-framework.git",
                "reference": "830c10704c98862609dea94400ff48524dffa676"
            },
            "dist": {
                "type": "zip",
                "url": "https://api.github.com/repos/silverstripe/silverstripe-framework/zipball/830c10704c98862609dea94400ff48524dffa676",
                "reference": "830c10704c98862609dea94400ff48524dffa676",
                "shasum": ""
            },
            "require": {
                "composer/installers": "*",
                "php": ">=5.3.2"
            },
            "require-dev": {
                "phpunit/phpunit": "~3.7@stable"
            },
            "type": "silverstripe-module",
            "autoload": {
                "classmap": [
                    "tests/behat/features/bootstrap"
                ]
            },
            "notification-url": "https://packagist.org/downloads/",
            "license": [
                "BSD-3-Clause"
            ],
            "authors": [
                {
                    "name": "SilverStripe",
                    "homepage": "http://silverstripe.com"
                },
                {
                    "name": "The SilverStripe Community",
                    "homepage": "http://silverstripe.org"
                }
            ],
            "description": "The SilverStripe framework",
            "homepage": "http://silverstripe.org",
            "keywords": [
                "framework",
                "silverstripe"
            ],
            "time": "2014-05-13 03:06:43"
        },
        {
            "name": "titledk/silverstripe-calendar",
            "version": "dev-dev",
            "source": {
                "type": "git",
                "url": "git@bitbucket.org:titledk/silverstripe-calendar.git",
                "reference": "b258ec91024fae1f09dc883e88c0177d69c46b8f"
            },
            "type": "silverstripe-module",
            "extra": {
                "installer-name": "calendar"
            },
            "authors": [
                {
                    "name": "Anselm Christophersen",
                    "email": "ac@anselm.dk"
                },
                {
                    "name": "Colin Burns",
                    "email": "ccburns@gmail.com"
                }
            ],
            "description": "Highly flexible calendar system",
            "homepage": "https://bitbucket.org/titledk/silverstripe-calendar",
            "keywords": [
                "calendar",
                "events",
                "silverstripe"
            ],
            "time": "2014-07-12 14:58:09"
        },
        {
            "name": "unclecheese/bootstrap-forms",
            "version": "dev-master",
            "source": {
                "type": "git",
                "url": "https://github.com/unclecheese/silverstripe-bootstrap-forms.git",
                "reference": "586f5f4477e9e4dfeb17e5fd0ab1c5d938c3ef92"
            },
            "dist": {
                "type": "zip",
                "url": "https://api.github.com/repos/unclecheese/silverstripe-bootstrap-forms/zipball/586f5f4477e9e4dfeb17e5fd0ab1c5d938c3ef92",
                "reference": "586f5f4477e9e4dfeb17e5fd0ab1c5d938c3ef92",
                "shasum": ""
            },
            "require": {
                "silverstripe/cms": "3.*",
                "silverstripe/framework": "3.*"
            },
            "replace": {
                "silverstripe/bootstrap-forms": "*"
            },
            "type": "silverstripe-module",
            "notification-url": "https://packagist.org/downloads/",
            "license": [
                "BSD-3-Clause"
            ],
            "authors": [
                {
                    "name": "Uncle Cheese",
                    "email": "unclecheese@leftandmain.com",
                    "homepage": "http://leftandmain.com"
                }
            ],
            "description": "Allows you to create forms in SilverStripe that are compatible with Twitter Bootstrap.",
            "keywords": [
                "Forms",
                "bootstrap",
                "silverstripe",
                "twitter"
            ],
            "time": "2014-07-07 02:23:06"
        }
    ],
    "packages-dev": [

    ],
    "aliases": [

    ],
    "minimum-stability": "dev",
    "stability-flags": {
        "titledk/silverstripe-calendar": 20,
        "unclecheese/bootstrap-forms": 20
    },
    "platform": {
        "php": ">=5.3.2"
    },
    "platform-dev": [

    ]
}
